{
  "name": "koa-2-acl",
  "version": "0.0.2",
  "lockfileVersion": 1,
  "requires": true,
  "dependencies": {
    "argparse": {
      "version": "1.0.9",
      "resolved": "http://r.cnpmjs.org/argparse/download/argparse-1.0.9.tgz",
      "integrity": "sha1-c9g7wmP4bpf4zE9rrhsOkKfSLIY=",
      "requires": {
        "sprintf-js": "1.0.3"
      }
    },
    "esprima": {
      "version": "4.0.0",
      "resolved": "http://r.cnpmjs.org/esprima/download/esprima-4.0.0.tgz",
      "integrity": "sha1-RJnt3NERDgshi6zy+n9/WfVcqAQ="
    },
    "js-yaml": {
      "version": "3.10.0",
      "resolved": "http://r.cnpmjs.org/js-yaml/download/js-yaml-3.10.0.tgz",
      "integrity": "sha1-LnhEFka9RoLpY/IrbpKCPDCcYtw=",
      "requires": {
        "argparse": "1.0.9",
        "esprima": "4.0.0"
      }
    },
    "koa-unless": {
      "version": "1.0.7",
      "resolved": "http://r.cnpmjs.org/koa-unless/download/koa-unless-1.0.7.tgz",
      "integrity": "sha1-ud83XitNowQ5GNSGIlIMLAt58DI="
    },
    "lodash": {
      "version": "4.17.4",
      "resolved": "http://r.cnpmjs.org/lodash/download/lodash-4.17.4.tgz",
      "integrity": "sha1-eCA6TRwyiuHYbcpkYONptX9AVa4="
    },
    "object-path": {
      "version": "0.11.4",
      "resolved": "http://r.cnpmjs.org/object-path/download/object-path-0.11.4.tgz",
      "integrity": "sha1-NwrnUvvzfePqcKhhwju6iRVpGUk="
    },
    "sprintf-js": {
      "version": "1.0.3",
      "resolved": "http://r.cnpmjs.org/sprintf-js/download/sprintf-js-1.0.3.tgz",
      "integrity": "sha1-BOaSb2YolTVPPdAVIDYzuFcpfiw="
    }
  }
}
